{
  "name": "TradingBotHC",
  "version": "1.0.0",
  "lockfileVersion": 1,
  "requires": true,
  "dependencies": {
    "ccxt": {
      "version": "1.73.82",
      "resolved": "https://registry.npmjs.org/ccxt/-/ccxt-1.73.82.tgz",
      "integrity": "sha512-wJ4X/3pCGl/bs1hyO75o6bN3KJBRX8unBFl8O7dhVYKMWgNZ8zEr4u7SzJRouTWF6m3EPA85M2iDf31K1OvDGQ=="
    },
    "moment": {
      "version": "2.29.1",
      "resolved": "https://registry.npmjs.org/moment/-/moment-2.29.1.tgz",
      "integrity": "sha512-kHmoybcPV8Sqy59DwNDY3Jefr64lK/by/da0ViFcuA4DH0vQg5Q6Ze5VimxkfQNSC+Mls/Kx53s7TjP1RhFEDQ=="
    }
  }
}
